
Microsoft Visual Studio Solution File, Format Version 12.00
# Visual Studio Version 16
VisualStudioVersion = 16.0.29920.165
MinimumVisualStudioVersion = 10.0.40219.1
Project("{FAE04EC0-301F-11D3-BF4B-00C04F79EFBC}") = "ClientCore", "ClientCore.csproj", "{C9383526-7E8A-4613-BCAC-3E7585FE5C30}"
EndProject
Global
	GlobalSection(SolutionConfigurationPlatforms) = preSolution
		Debug|Any CPU = Debug|Any CPU
		Release|Any CPU = Release|Any CPU
	EndGlobalSection
	GlobalSection(ProjectConfigurationPlatforms) = postSolution
		{C9383526-7E8A-4613-BCAC-3E7585FE5C30}.Debug|Any CPU.ActiveCfg = Debug|Any CPU
		{C9383526-7E8A-4613-BCAC-3E7585FE5C30}.Debug|Any CPU.Build.0 = Debug|Any CPU
		{C9383526-7E8A-4613-BCAC-3E7585FE5C30}.Release|Any CPU.ActiveCfg = Release|Any CPU
		{C9383526-7E8A-4613-BCAC-3E7585FE5C30}.Release|Any CPU.Build.0 = Release|Any CPU
	EndGlobalSection
	GlobalSection(SolutionProperties) = preSolution
		HideSolutionNode = FALSE
	EndGlobalSection
	GlobalSection(ExtensibilityGlobals) = postSolution
		SolutionGuid = {E2DDC197-9A69-4AAE-8066-14F4774532EF}
	EndGlobalSection
EndGlobal
